
Microsoft Visual Studio Solution File, Format Version 12.00
# Visual Studio Version 17
VisualStudioVersion = 17.10.34916.146
MinimumVisualStudioVersion = 10.0.40219.1
Project("{FAE04EC0-301F-11D3-BF4B-00C04F79EFBC}") = "ПР6 часть 2", "ПР6 часть 2\ПР6 часть 2.csproj", "{8CB078E6-DF6E-4E2F-92F8-8F52ECEA5F72}"
EndProject
Project("{FAE04EC0-301F-11D3-BF4B-00C04F79EFBC}") = "UnitTestProject", "UnitTestProject\UnitTestProject.csproj", "{9C0E8FD5-F1A9-4284-B484-383AF4B453A5}"
EndProject
Global
	GlobalSection(SolutionConfigurationPlatforms) = preSolution
		Debug|Any CPU = Debug|Any CPU
		Release|Any CPU = Release|Any CPU
	EndGlobalSection
	GlobalSection(ProjectConfigurationPlatforms) = postSolution
		{8CB078E6-DF6E-4E2F-92F8-8F52ECEA5F72}.Debug|Any CPU.ActiveCfg = Debug|Any CPU
		{8CB078E6-DF6E-4E2F-92F8-8F52ECEA5F72}.Debug|Any CPU.Build.0 = Debug|Any CPU
		{8CB078E6-DF6E-4E2F-92F8-8F52ECEA5F72}.Release|Any CPU.ActiveCfg = Release|Any CPU
		{8CB078E6-DF6E-4E2F-92F8-8F52ECEA5F72}.Release|Any CPU.Build.0 = Release|Any CPU
		{9C0E8FD5-F1A9-4284-B484-383AF4B453A5}.Debug|Any CPU.ActiveCfg = Debug|Any CPU
		{9C0E8FD5-F1A9-4284-B484-383AF4B453A5}.Debug|Any CPU.Build.0 = Debug|Any CPU
		{9C0E8FD5-F1A9-4284-B484-383AF4B453A5}.Release|Any CPU.ActiveCfg = Release|Any CPU
		{9C0E8FD5-F1A9-4284-B484-383AF4B453A5}.Release|Any CPU.Build.0 = Release|Any CPU
	EndGlobalSection
	GlobalSection(SolutionProperties) = preSolution
		HideSolutionNode = FALSE
	EndGlobalSection
	GlobalSection(ExtensibilityGlobals) = postSolution
		SolutionGuid = {99A3CC86-521D-4035-89A3-07989881F97D}
	EndGlobalSection
EndGlobal
